
Microsoft Visual Studio Solution File, Format Version 12.00
# Visual Studio Version 17
VisualStudioVersion = 17.11.35312.102
MinimumVisualStudioVersion = 10.0.40219.1
Project("{FAE04EC0-301F-11D3-BF4B-00C04F79EFBC}") = "RealEstateListing", "RealEstateListing\RealEstateListing.csproj", "{442C7E15-4B22-47A8-9C0F-36D41A92B1F6}"
EndProject
Global
	GlobalSection(SolutionConfigurationPlatforms) = preSolution
		Debug|Any CPU = Debug|Any CPU
		Release|Any CPU = Release|Any CPU
	EndGlobalSection
	GlobalSection(ProjectConfigurationPlatforms) = postSolution
		{442C7E15-4B22-47A8-9C0F-36D41A92B1F6}.Debug|Any CPU.ActiveCfg = Debug|Any CPU
		{442C7E15-4B22-47A8-9C0F-36D41A92B1F6}.Debug|Any CPU.Build.0 = Debug|Any CPU
		{442C7E15-4B22-47A8-9C0F-36D41A92B1F6}.Release|Any CPU.ActiveCfg = Release|Any CPU
		{442C7E15-4B22-47A8-9C0F-36D41A92B1F6}.Release|Any CPU.Build.0 = Release|Any CPU
	EndGlobalSection
	GlobalSection(SolutionProperties) = preSolution
		HideSolutionNode = FALSE
	EndGlobalSection
	GlobalSection(ExtensibilityGlobals) = postSolution
		SolutionGuid = {5E4D29EA-8A29-4278-901A-4C420AD64AAA}
	EndGlobalSection
EndGlobal
